// !$*UTF8*$!
{
	archiveVersion = 1;
	classes = {
	};
	objectVersion = 46;
	objects = {

/* Begin PBXBuildFile section */
		8DD76F9A0486AA7600D96B5E /* emmett.m in Sources */ = {isa = PBXBuildFile; fileRef = 08FB7796FE84155DC02AAC07 /* emmett.m */; settings = {ATTRIBUTES = (); }; };
		8DD76F9C0486AA7600D96B5E /* Foundation.framework in Frameworks */ = {isa = PBXBuildFile; fileRef = 08FB779EFE84155DC02AAC07 /* Foundation.framework */; };
		F405D69B14F45640003FD332 /* CoreServices.framework in Frameworks */ = {isa = PBXBuildFile; fileRef = F405D69A14F45640003FD332 /* CoreServices.framework */; };
		F415871B15058769005FE17D /* ApplicationServices.framework in Frameworks */ = {isa = PBXBuildFile; fileRef = F4DF95FA14F8637E0017D1F0 /* ApplicationServices.framework */; };
		F4CCCD7914EDA02500C139A7 /* EMUtility.m in Sources */ = {isa = PBXBuildFile; fileRef = F4CCCD7814EDA02500C139A7 /* EMUtility.m */; };
		F4CCCE0214EDCAA400C139A7 /* NSDictionary+MutableLoad.m in Sources */ = {isa = PBXBuildFile; fileRef = F4CCCE0114EDCAA400C139A7 /* NSDictionary+MutableLoad.m */; };
		F4DF94EC14FE164C00C4C694 /* RegexKitLite.m in Sources */ = {isa = PBXBuildFile; fileRef = F4DF94EB14FE164C00C4C694 /* RegexKitLite.m */; };
		F4DF951414FE184700C4C694 /* libicucore.dylib in Frameworks */ = {isa = PBXBuildFile; fileRef = F4DF951314FE184700C4C694 /* libicucore.dylib */; };
		F4FF83BA14EC7DE6008E3FE6 /* usage.c in Sources */ = {isa = PBXBuildFile; fileRef = F4FF83B914EC7DE6008E3FE6 /* usage.c */; };
/* End PBXBuildFile section */

/* Begin PBXCopyFilesBuildPhase section */
		8DD76F9E0486AA7600D96B5E /* CopyFiles */ = {
			isa = PBXCopyFilesBuildPhase;
			buildActionMask = 8;
			dstPath = /usr/share/man/man1/;
			dstSubfolderSpec = 0;
			files = (
			);
			runOnlyForDeploymentPostprocessing = 1;
		};
/* End PBXCopyFilesBuildPhase section */

/* Begin PBXFileReference section */
		08FB7796FE84155DC02AAC07 /* emmett.m */ = {isa = PBXFileReference; fileEncoding = 4; lastKnownFileType = sourcecode.c.objc; path = emmett.m; sourceTree = "<group>"; };
		08FB779EFE84155DC02AAC07 /* Foundation.framework */ = {isa = PBXFileReference; lastKnownFileType = wrapper.framework; name = Foundation.framework; path = /System/Library/Frameworks/Foundation.framework; sourceTree = "<absolute>"; };
		32A70AAB03705E1F00C91783 /* emmett_Prefix.pch */ = {isa = PBXFileReference; fileEncoding = 4; lastKnownFileType = sourcecode.c.h; path = emmett_Prefix.pch; sourceTree = "<group>"; };
		8DD76FA10486AA7600D96B5E /* emmett */ = {isa = PBXFileReference; explicitFileType = "compiled.mach-o.executable"; includeInIndex = 0; path = emmett; sourceTree = BUILT_PRODUCTS_DIR; };
		F405D69A14F45640003FD332 /* CoreServices.framework */ = {isa = PBXFileReference; lastKnownFileType = wrapper.framework; name = CoreServices.framework; path = /System/Library/Frameworks/CoreServices.framework; sourceTree = "<absolute>"; };
		F4CCCD7714EDA02500C139A7 /* EMUtility.h */ = {isa = PBXFileReference; fileEncoding = 4; lastKnownFileType = sourcecode.c.h; path = EMUtility.h; sourceTree = "<group>"; };
		F4CCCD7814EDA02500C139A7 /* EMUtility.m */ = {isa = PBXFileReference; fileEncoding = 4; lastKnownFileType = sourcecode.c.objc; path = EMUtility.m; sourceTree = "<group>"; };
		F4CCCE0014EDCAA400C139A7 /* NSDictionary+MutableLoad.h */ = {isa = PBXFileReference; fileEncoding = 4; lastKnownFileType = sourcecode.c.h; path = "NSDictionary+MutableLoad.h"; sourceTree = "<group>"; };
		F4CCCE0114EDCAA400C139A7 /* NSDictionary+MutableLoad.m */ = {isa = PBXFileReference; fileEncoding = 4; lastKnownFileType = sourcecode.c.objc; path = "NSDictionary+MutableLoad.m"; sourceTree = "<group>"; };
		F4DF94EA14FE164800C4C694 /* RegexKitLite.h */ = {isa = PBXFileReference; fileEncoding = 4; lastKnownFileType = sourcecode.c.h; name = RegexKitLite.h; path = "RegexKitLite-1.2/RegexKitLite.h"; sourceTree = SOURCE_ROOT; };
		F4DF94EB14FE164C00C4C694 /* RegexKitLite.m */ = {isa = PBXFileReference; fileEncoding = 4; lastKnownFileType = sourcecode.c.objc; name = RegexKitLite.m; path = "RegexKitLite-1.2/RegexKitLite.m"; sourceTree = SOURCE_ROOT; };
		F4DF951314FE184700C4C694 /* libicucore.dylib */ = {isa = PBXFileReference; lastKnownFileType = "compiled.mach-o.dylib"; name = libicucore.dylib; path = /usr/lib/libicucore.dylib; sourceTree = "<absolute>"; };
		F4DF95FA14F8637E0017D1F0 /* ApplicationServices.framework */ = {isa = PBXFileReference; lastKnownFileType = wrapper.framework; name = ApplicationServices.framework; path = /System/Library/Frameworks/ApplicationServices.framework; sourceTree = "<absolute>"; };
		F4FF83B814EC7DE6008E3FE6 /* usage.h */ = {isa = PBXFileReference; fileEncoding = 4; lastKnownFileType = sourcecode.c.h; path = usage.h; sourceTree = "<group>"; };
		F4FF83B914EC7DE6008E3FE6 /* usage.c */ = {isa = PBXFileReference; fileEncoding = 4; lastKnownFileType = sourcecode.c.c; path = usage.c; sourceTree = "<group>"; };
/* End PBXFileReference section */

/* Begin PBXFrameworksBuildPhase section */
		8DD76F9B0486AA7600D96B5E /* Frameworks */ = {
			isa = PBXFrameworksBuildPhase;
			buildActionMask = 2147483647;
			files = (
				8DD76F9C0486AA7600D96B5E /* Foundation.framework in Frameworks */,
				F405D69B14F45640003FD332 /* CoreServices.framework in Frameworks */,
				F4DF951414FE184700C4C694 /* libicucore.dylib in Frameworks */,
				F415871B15058769005FE17D /* ApplicationServices.framework in Frameworks */,
			);
			runOnlyForDeploymentPostprocessing = 0;
		};
/* End PBXFrameworksBuildPhase section */

/* Begin PBXGroup section */
		08FB7794FE84155DC02AAC07 /* emmett */ = {
			isa = PBXGroup;
			children = (
				08FB7795FE84155DC02AAC07 /* Source */,
				08FB779DFE84155DC02AAC07 /* External Frameworks and Libraries */,
				1AB674ADFE9D54B511CA2CBB /* Products */,
			);
			name = emmett;
			sourceTree = "<group>";
		};
		08FB7795FE84155DC02AAC07 /* Source */ = {
			isa = PBXGroup;
			children = (
				F4DF94ED14FE166200C4C694 /* Foundation Extensions */,
				F4DF94E914FE163800C4C694 /* RegexKitLite */,
				F4CCCD7714EDA02500C139A7 /* EMUtility.h */,
				F4CCCD7814EDA02500C139A7 /* EMUtility.m */,
				F4FF83B814EC7DE6008E3FE6 /* usage.h */,
				F4FF83B914EC7DE6008E3FE6 /* usage.c */,
				08FB7796FE84155DC02AAC07 /* emmett.m */,
				32A70AAB03705E1F00C91783 /* emmett_Prefix.pch */,
			);
			name = Source;
			sourceTree = "<group>";
		};
		08FB779DFE84155DC02AAC07 /* External Frameworks and Libraries */ = {
			isa = PBXGroup;
			children = (
				F4DF951314FE184700C4C694 /* libicucore.dylib */,
				F4DF95FA14F8637E0017D1F0 /* ApplicationServices.framework */,
				F405D69A14F45640003FD332 /* CoreServices.framework */,
				08FB779EFE84155DC02AAC07 /* Foundation.framework */,
			);
			name = "External Frameworks and Libraries";
			sourceTree = "<group>";
		};
		1AB674ADFE9D54B511CA2CBB /* Products */ = {
			isa = PBXGroup;
			children = (
				8DD76FA10486AA7600D96B5E /* emmett */,
			);
			name = Products;
			sourceTree = "<group>";
		};
		F4DF94E914FE163800C4C694 /* RegexKitLite */ = {
			isa = PBXGroup;
			children = (
				F4DF94EA14FE164800C4C694 /* RegexKitLite.h */,
				F4DF94EB14FE164C00C4C694 /* RegexKitLite.m */,
			);
			name = RegexKitLite;
			sourceTree = "<group>";
		};
		F4DF94ED14FE166200C4C694 /* Foundation Extensions */ = {
			isa = PBXGroup;
			children = (
				F4CCCE0014EDCAA400C139A7 /* NSDictionary+MutableLoad.h */,
				F4CCCE0114EDCAA400C139A7 /* NSDictionary+MutableLoad.m */,
			);
			name = "Foundation Extensions";
			sourceTree = "<group>";
		};
/* End PBXGroup section */

/* Begin PBXNativeTarget section */
		8DD76F960486AA7600D96B5E /* emmett */ = {
			isa = PBXNativeTarget;
			buildConfigurationList = 1DEB927408733DD40010E9CD /* Build configuration list for PBXNativeTarget "emmett" */;
			buildPhases = (
				8DD76F990486AA7600D96B5E /* Sources */,
				8DD76F9B0486AA7600D96B5E /* Frameworks */,
				8DD76F9E0486AA7600D96B5E /* CopyFiles */,
			);
			buildRules = (
			);
			dependencies = (
			);
			name = emmett;
			productInstallPath = "$(HOME)/bin";
			productName = emmett;
			productReference = 8DD76FA10486AA7600D96B5E /* emmett */;
			productType = "com.apple.product-type.tool";
		};
/* End PBXNativeTarget section */

/* Begin PBXProject section */
		08FB7793FE84155DC02AAC07 /* Project object */ = {
			isa = PBXProject;
			attributes = {
				LastUpgradeCheck = 0510;
			};
			buildConfigurationList = 1DEB927808733DD40010E9CD /* Build configuration list for PBXProject "emmett" */;
			compatibilityVersion = "Xcode 3.2";
			developmentRegion = English;
			hasScannedForEncodings = 1;
			knownRegions = (
				English,
				Japanese,
				French,
				German,
			);
			mainGroup = 08FB7794FE84155DC02AAC07 /* emmett */;
			projectDirPath = "";
			projectRoot = "";
			targets = (
				8DD76F960486AA7600D96B5E /* emmett */,
			);
		};
/* End PBXProject section */

/* Begin PBXSourcesBuildPhase section */
		8DD76F990486AA7600D96B5E /* Sources */ = {
			isa = PBXSourcesBuildPhase;
			buildActionMask = 2147483647;
			files = (
				8DD76F9A0486AA7600D96B5E /* emmett.m in Sources */,
				F4FF83BA14EC7DE6008E3FE6 /* usage.c in Sources */,
				F4CCCD7914EDA02500C139A7 /* EMUtility.m in Sources */,
				F4CCCE0214EDCAA400C139A7 /* NSDictionary+MutableLoad.m in Sources */,
				F4DF94EC14FE164C00C4C694 /* RegexKitLite.m in Sources */,
			);
			runOnlyForDeploymentPostprocessing = 0;
		};
/* End PBXSourcesBuildPhase section */

/* Begin XCBuildConfiguration section */
		1DEB927508733DD40010E9CD /* Debug */ = {
			isa = XCBuildConfiguration;
			buildSettings = {
				ALWAYS_SEARCH_USER_PATHS = NO;
				COPY_PHASE_STRIP = NO;
				FRAMEWORK_SEARCH_PATHS = (
					"$(inherited)",
					"\"$(SRCROOT)\"",
				);
				GCC_DYNAMIC_NO_PIC = NO;
				GCC_ENABLE_FIX_AND_CONTINUE = YES;
				GCC_OPTIMIZATION_LEVEL = 0;
				GCC_PRECOMPILE_PREFIX_HEADER = YES;
				GCC_PREFIX_HEADER = emmett_Prefix.pch;
				INSTALL_PATH = /usr/local/bin;
				PRODUCT_NAME = emmett;
			};
			name = Debug;
		};
		1DEB927608733DD40010E9CD /* Release */ = {
			isa = XCBuildConfiguration;
			buildSettings = {
				ALWAYS_SEARCH_USER_PATHS = NO;
				DEBUG_INFORMATION_FORMAT = "dwarf-with-dsym";
				FRAMEWORK_SEARCH_PATHS = (
					"$(inherited)",
					"\"$(SRCROOT)\"",
				);
				GCC_PRECOMPILE_PREFIX_HEADER = YES;
				GCC_PREFIX_HEADER = emmett_Prefix.pch;
				INSTALL_PATH = /usr/local/bin;
				PRODUCT_NAME = emmett;
			};
			name = Release;
		};
		1DEB927908733DD40010E9CD /* Debug */ = {
			isa = XCBuildConfiguration;
			buildSettings = {
				GCC_C_LANGUAGE_STANDARD = gnu99;
				GCC_OPTIMIZATION_LEVEL = 0;
				GCC_WARN_ABOUT_RETURN_TYPE = YES;
				GCC_WARN_UNUSED_VARIABLE = YES;
				MACOSX_DEPLOYMENT_TARGET = 10.4;
				ONLY_ACTIVE_ARCH = YES;
				SDKROOT = macosx;
			};
			name = Debug;
		};
		1DEB927A08733DD40010E9CD /* Release */ = {
			isa = XCBuildConfiguration;
			buildSettings = {
				GCC_C_LANGUAGE_STANDARD = gnu99;
				GCC_WARN_ABOUT_RETURN_TYPE = YES;
				GCC_WARN_UNUSED_VARIABLE = YES;
				MACOSX_DEPLOYMENT_TARGET = 10.4;
				SDKROOT = macosx;
			};
			name = Release;
		};
/* End XCBuildConfiguration section */

/* Begin XCConfigurationList section */
		1DEB927408733DD40010E9CD /* Build configuration list for PBXNativeTarget "emmett" */ = {
			isa = XCConfigurationList;
			buildConfigurations = (
				1DEB927508733DD40010E9CD /* Debug */,
				1DEB927608733DD40010E9CD /* Release */,
			);
			defaultConfigurationIsVisible = 0;
			defaultConfigurationName = Release;
		};
		1DEB927808733DD40010E9CD /* Build configuration list for PBXProject "emmett" */ = {
			isa = XCConfigurationList;
			buildConfigurations = (
				1DEB927908733DD40010E9CD /* Debug */,
				1DEB927A08733DD40010E9CD /* Release */,
			);
			defaultConfigurationIsVisible = 0;
			defaultConfigurationName = Release;
		};
/* End XCConfigurationList section */
	};
	rootObject = 08FB7793FE84155DC02AAC07 /* Project object */;
}
